
Microsoft Visual Studio Solution File, Format Version 12.00
# Visual Studio 15
VisualStudioVersion = 15.0.28307.757
MinimumVisualStudioVersion = 10.0.40219.1
Project("{FAE04EC0-301F-11D3-BF4B-00C04F79EFBC}") = "StaticDataBuilder", "src\StaticDataBuilder\StaticDataBuilder.csproj", "{FF1DD280-5FDD-49ED-97C5-76000477404B}"
EndProject
Project("{9A19103F-16F7-4668-BE54-9A1E7A4F7556}") = "Web", "src\Web\Web.csproj", "{C884F95D-4684-4027-82C1-E51B37B2B7A6}"
EndProject
Global
	GlobalSection(SolutionConfigurationPlatforms) = preSolution
		Debug|Any CPU = Debug|Any CPU
		Release|Any CPU = Release|Any CPU
	EndGlobalSection
	GlobalSection(ProjectConfigurationPlatforms) = postSolution
		{FF1DD280-5FDD-49ED-97C5-76000477404B}.Debug|Any CPU.ActiveCfg = Debug|Any CPU
		{FF1DD280-5FDD-49ED-97C5-76000477404B}.Debug|Any CPU.Build.0 = Debug|Any CPU
		{FF1DD280-5FDD-49ED-97C5-76000477404B}.Release|Any CPU.ActiveCfg = Release|Any CPU
		{FF1DD280-5FDD-49ED-97C5-76000477404B}.Release|Any CPU.Build.0 = Release|Any CPU
		{C884F95D-4684-4027-82C1-E51B37B2B7A6}.Debug|Any CPU.ActiveCfg = Debug|Any CPU
		{C884F95D-4684-4027-82C1-E51B37B2B7A6}.Debug|Any CPU.Build.0 = Debug|Any CPU
		{C884F95D-4684-4027-82C1-E51B37B2B7A6}.Release|Any CPU.ActiveCfg = Release|Any CPU
		{C884F95D-4684-4027-82C1-E51B37B2B7A6}.Release|Any CPU.Build.0 = Release|Any CPU
	EndGlobalSection
	GlobalSection(SolutionProperties) = preSolution
		HideSolutionNode = FALSE
	EndGlobalSection
	GlobalSection(ExtensibilityGlobals) = postSolution
		SolutionGuid = {CC710CEF-5D1D-4571-9196-481463673512}
	EndGlobalSection
EndGlobal
